
Microsoft Visual Studio Solution File, Format Version 12.00
# Visual Studio Version 17
VisualStudioVersion = 17.13.35931.197
MinimumVisualStudioVersion = 10.0.40219.1
Project("{FAE04EC0-301F-11D3-BF4B-00C04F79EFBC}") = "MobileShopManagement", "ProjectUI2\MobileShopManagement.csproj", "{F5BFB7D7-C427-4988-B5B7-E669F722068B}"
EndProject
Project("{54435603-DBB4-11D2-8724-00A0C9A8B90C}") = "Mobile Shop", "Mobile Shop\Mobile Shop.vdproj", "{59988D0D-8400-DC46-20C9-6508C7A77529}"
EndProject
Global
	GlobalSection(SolutionConfigurationPlatforms) = preSolution
		Debug|Any CPU = Debug|Any CPU
		Release|Any CPU = Release|Any CPU
	EndGlobalSection
	GlobalSection(ProjectConfigurationPlatforms) = postSolution
		{F5BFB7D7-C427-4988-B5B7-E669F722068B}.Debug|Any CPU.ActiveCfg = Debug|Any CPU
		{F5BFB7D7-C427-4988-B5B7-E669F722068B}.Debug|Any CPU.Build.0 = Debug|Any CPU
		{F5BFB7D7-C427-4988-B5B7-E669F722068B}.Release|Any CPU.ActiveCfg = Release|Any CPU
		{F5BFB7D7-C427-4988-B5B7-E669F722068B}.Release|Any CPU.Build.0 = Release|Any CPU
		{59988D0D-8400-DC46-20C9-6508C7A77529}.Debug|Any CPU.ActiveCfg = Debug
		{59988D0D-8400-DC46-20C9-6508C7A77529}.Release|Any CPU.ActiveCfg = Release
	EndGlobalSection
	GlobalSection(SolutionProperties) = preSolution
		HideSolutionNode = FALSE
	EndGlobalSection
	GlobalSection(ExtensibilityGlobals) = postSolution
		SolutionGuid = {BD3AAA07-75AA-4049-B10C-D01BBF2AB457}
	EndGlobalSection
EndGlobal
